
Microsoft Visual Studio Solution File, Format Version 12.00
# Visual Studio 15
VisualStudioVersion = 15.0.28307.757
MinimumVisualStudioVersion = 10.0.40219.1
Project("{FAE04EC0-301F-11D3-BF4B-00C04F79EFBC}") = "Patterns", "Patterns\Patterns.csproj", "{8647620C-DEDC-4209-AF68-26E11F8ACC66}"
EndProject
Global
	GlobalSection(SolutionConfigurationPlatforms) = preSolution
		Debug|Any CPU = Debug|Any CPU
		Release|Any CPU = Release|Any CPU
	EndGlobalSection
	GlobalSection(ProjectConfigurationPlatforms) = postSolution
		{8647620C-DEDC-4209-AF68-26E11F8ACC66}.Debug|Any CPU.ActiveCfg = Debug|Any CPU
		{8647620C-DEDC-4209-AF68-26E11F8ACC66}.Debug|Any CPU.Build.0 = Debug|Any CPU
		{8647620C-DEDC-4209-AF68-26E11F8ACC66}.Release|Any CPU.ActiveCfg = Release|Any CPU
		{8647620C-DEDC-4209-AF68-26E11F8ACC66}.Release|Any CPU.Build.0 = Release|Any CPU
	EndGlobalSection
	GlobalSection(SolutionProperties) = preSolution
		HideSolutionNode = FALSE
	EndGlobalSection
	GlobalSection(ExtensibilityGlobals) = postSolution
		SolutionGuid = {EB901FF6-0F2E-48D0-8FC9-8E6F6CC224A7}
	EndGlobalSection
EndGlobal
